// !$*UTF8*$!
{
	archiveVersion = 1;
	classes = {
	};
	objectVersion = 56;
	objects = {

/* Begin PBXBuildFile section */
		4C565B812B8155CF005B7CDC /* AppDelegate.swift in Sources */ = {isa = PBXBuildFile; fileRef = 4C565B802B8155CF005B7CDC /* AppDelegate.swift */; };
		4C565B832B8155CF005B7CDC /* SceneDelegate.swift in Sources */ = {isa = PBXBuildFile; fileRef = 4C565B822B8155CF005B7CDC /* SceneDelegate.swift */; };
		4C565B852B8155CF005B7CDC /* ViewController.swift in Sources */ = {isa = PBXBuildFile; fileRef = 4C565B842B8155CF005B7CDC /* ViewController.swift */; };
		4C565B882B8155CF005B7CDC /* Main.storyboard in Resources */ = {isa = PBXBuildFile; fileRef = 4C565B862B8155CF005B7CDC /* Main.storyboard */; };
		4C565B8A2B8155D0005B7CDC /* Assets.xcassets in Resources */ = {isa = PBXBuildFile; fileRef = 4C565B892B8155D0005B7CDC /* Assets.xcassets */; };
		4C565B8D2B8155D0005B7CDC /* LaunchScreen.storyboard in Resources */ = {isa = PBXBuildFile; fileRef = 4C565B8B2B8155D0005B7CDC /* LaunchScreen.storyboard */; };
		4C565B952B8164AA005B7CDC /* CanvasView.swift in Sources */ = {isa = PBXBuildFile; fileRef = 4C565B942B8164AA005B7CDC /* CanvasView.swift */; };
		753B23942BB3804F00B3576A /* MenuViewController.swift in Sources */ = {isa = PBXBuildFile; fileRef = 753B23932BB3804F00B3576A /* MenuViewController.swift */; };
		753B23962BB380E600B3576A /* CreateFileViewController.swift in Sources */ = {isa = PBXBuildFile; fileRef = 753B23952BB380E600B3576A /* CreateFileViewController.swift */; };
		753B23982BB3846E00B3576A /* ChecklistItem.swift in Sources */ = {isa = PBXBuildFile; fileRef = 753B23972BB3846E00B3576A /* ChecklistItem.swift */; };
		753B239A2BB3866500B3576A /* AllItemsList.swift in Sources */ = {isa = PBXBuildFile; fileRef = 753B23992BB3866500B3576A /* AllItemsList.swift */; };
		753B239E2BB3A56500B3576A /* ColorPickerViewController.swift in Sources */ = {isa = PBXBuildFile; fileRef = 753B239D2BB3A56500B3576A /* ColorPickerViewController.swift */; };
		753C85242BCC5394007CA26D /* GridViewController.swift in Sources */ = {isa = PBXBuildFile; fileRef = 753C85232BCC5394007CA26D /* GridViewController.swift */; };
		754B184B2BD031810019AC55 /* ImageTableViewCell.swift in Sources */ = {isa = PBXBuildFile; fileRef = 754B184A2BD031810019AC55 /* ImageTableViewCell.swift */; };
/* End PBXBuildFile section */

/* Begin PBXFileReference section */
		4C565B7D2B8155CF005B7CDC /* artGenerator.app */ = {isa = PBXFileReference; explicitFileType = wrapper.application; includeInIndex = 0; path = artGenerator.app; sourceTree = BUILT_PRODUCTS_DIR; };
		4C565B802B8155CF005B7CDC /* AppDelegate.swift */ = {isa = PBXFileReference; lastKnownFileType = sourcecode.swift; path = AppDelegate.swift; sourceTree = "<group>"; };
		4C565B822B8155CF005B7CDC /* SceneDelegate.swift */ = {isa = PBXFileReference; lastKnownFileType = sourcecode.swift; path = SceneDelegate.swift; sourceTree = "<group>"; };
		4C565B842B8155CF005B7CDC /* ViewController.swift */ = {isa = PBXFileReference; lastKnownFileType = sourcecode.swift; path = ViewController.swift; sourceTree = "<group>"; };
		4C565B872B8155CF005B7CDC /* Base */ = {isa = PBXFileReference; lastKnownFileType = file.storyboard; name = Base; path = Base.lproj/Main.storyboard; sourceTree = "<group>"; };
		4C565B892B8155D0005B7CDC /* Assets.xcassets */ = {isa = PBXFileReference; lastKnownFileType = folder.assetcatalog; path = Assets.xcassets; sourceTree = "<group>"; };
		4C565B8C2B8155D0005B7CDC /* Base */ = {isa = PBXFileReference; lastKnownFileType = file.storyboard; name = Base; path = Base.lproj/LaunchScreen.storyboard; sourceTree = "<group>"; };
		4C565B8E2B8155D0005B7CDC /* Info.plist */ = {isa = PBXFileReference; lastKnownFileType = text.plist.xml; path = Info.plist; sourceTree = "<group>"; };
		4C565B942B8164AA005B7CDC /* CanvasView.swift */ = {isa = PBXFileReference; lastKnownFileType = sourcecode.swift; path = CanvasView.swift; sourceTree = "<group>"; };
		753B23932BB3804F00B3576A /* MenuViewController.swift */ = {isa = PBXFileReference; lastKnownFileType = sourcecode.swift; path = MenuViewController.swift; sourceTree = "<group>"; };
		753B23952BB380E600B3576A /* CreateFileViewController.swift */ = {isa = PBXFileReference; lastKnownFileType = sourcecode.swift; path = CreateFileViewController.swift; sourceTree = "<group>"; };
		753B23972BB3846E00B3576A /* ChecklistItem.swift */ = {isa = PBXFileReference; lastKnownFileType = sourcecode.swift; path = ChecklistItem.swift; sourceTree = "<group>"; };
		753B23992BB3866500B3576A /* AllItemsList.swift */ = {isa = PBXFileReference; lastKnownFileType = sourcecode.swift; path = AllItemsList.swift; sourceTree = "<group>"; };
		753B239D2BB3A56500B3576A /* ColorPickerViewController.swift */ = {isa = PBXFileReference; lastKnownFileType = sourcecode.swift; path = ColorPickerViewController.swift; sourceTree = "<group>"; };
		753C85232BCC5394007CA26D /* GridViewController.swift */ = {isa = PBXFileReference; lastKnownFileType = sourcecode.swift; path = GridViewController.swift; sourceTree = "<group>"; };
		754B184A2BD031810019AC55 /* ImageTableViewCell.swift */ = {isa = PBXFileReference; lastKnownFileType = sourcecode.swift; path = ImageTableViewCell.swift; sourceTree = "<group>"; };
/* End PBXFileReference section */

/* Begin PBXFrameworksBuildPhase section */
		4C565B7A2B8155CF005B7CDC /* Frameworks */ = {
			isa = PBXFrameworksBuildPhase;
			buildActionMask = 2147483647;
			files = (
			);
			runOnlyForDeploymentPostprocessing = 0;
		};
/* End PBXFrameworksBuildPhase section */

/* Begin PBXGroup section */
		4C565B742B8155CF005B7CDC = {
			isa = PBXGroup;
			children = (
				4C565B7F2B8155CF005B7CDC /* artGenerator */,
				4C565B7E2B8155CF005B7CDC /* Products */,
			);
			sourceTree = "<group>";
		};
		4C565B7E2B8155CF005B7CDC /* Products */ = {
			isa = PBXGroup;
			children = (
				4C565B7D2B8155CF005B7CDC /* artGenerator.app */,
			);
			name = Products;
			sourceTree = "<group>";
		};
		4C565B7F2B8155CF005B7CDC /* artGenerator */ = {
			isa = PBXGroup;
			children = (
				4C565B802B8155CF005B7CDC /* AppDelegate.swift */,
				4C565B822B8155CF005B7CDC /* SceneDelegate.swift */,
				4C565B892B8155D0005B7CDC /* Assets.xcassets */,
				4C565B862B8155CF005B7CDC /* Main.storyboard */,
				4C565B8B2B8155D0005B7CDC /* LaunchScreen.storyboard */,
				4C565B8E2B8155D0005B7CDC /* Info.plist */,
				753B239B2BB387EA00B3576A /* Controller */,
				753B239C2BB387FD00B3576A /* Helper Classes */,
			);
			path = artGenerator;
			sourceTree = "<group>";
		};
		753B239B2BB387EA00B3576A /* Controller */ = {
			isa = PBXGroup;
			children = (
				4C565B842B8155CF005B7CDC /* ViewController.swift */,
				4C565B942B8164AA005B7CDC /* CanvasView.swift */,
				753B23952BB380E600B3576A /* CreateFileViewController.swift */,
				753B23932BB3804F00B3576A /* MenuViewController.swift */,
				753B239D2BB3A56500B3576A /* ColorPickerViewController.swift */,
				753C85232BCC5394007CA26D /* GridViewController.swift */,
				754B184A2BD031810019AC55 /* ImageTableViewCell.swift */,
			);
			path = Controller;
			sourceTree = "<group>";
		};
		753B239C2BB387FD00B3576A /* Helper Classes */ = {
			isa = PBXGroup;
			children = (
				753B23972BB3846E00B3576A /* ChecklistItem.swift */,
				753B23992BB3866500B3576A /* AllItemsList.swift */,
			);
			path = "Helper Classes";
			sourceTree = "<group>";
		};
/* End PBXGroup section */

/* Begin PBXNativeTarget section */
		4C565B7C2B8155CF005B7CDC /* artGenerator */ = {
			isa = PBXNativeTarget;
			buildConfigurationList = 4C565B912B8155D0005B7CDC /* Build configuration list for PBXNativeTarget "artGenerator" */;
			buildPhases = (
				4C565B792B8155CF005B7CDC /* Sources */,
				4C565B7A2B8155CF005B7CDC /* Frameworks */,
				4C565B7B2B8155CF005B7CDC /* Resources */,
			);
			buildRules = (
			);
			dependencies = (
			);
			name = artGenerator;
			productName = artGenerator;
			productReference = 4C565B7D2B8155CF005B7CDC /* artGenerator.app */;
			productType = "com.apple.product-type.application";
		};
/* End PBXNativeTarget section */

/* Begin PBXProject section */
		4C565B752B8155CF005B7CDC /* Project object */ = {
			isa = PBXProject;
			attributes = {
				BuildIndependentTargetsInParallel = 1;
				LastSwiftUpdateCheck = 1520;
				LastUpgradeCheck = 1520;
				TargetAttributes = {
					4C565B7C2B8155CF005B7CDC = {
						CreatedOnToolsVersion = 15.2;
					};
				};
			};
			buildConfigurationList = 4C565B782B8155CF005B7CDC /* Build configuration list for PBXProject "artGenerator" */;
			compatibilityVersion = "Xcode 14.0";
			developmentRegion = en;
			hasScannedForEncodings = 0;
			knownRegions = (
				en,
				Base,
			);
			mainGroup = 4C565B742B8155CF005B7CDC;
			productRefGroup = 4C565B7E2B8155CF005B7CDC /* Products */;
			projectDirPath = "";
			projectRoot = "";
			targets = (
				4C565B7C2B8155CF005B7CDC /* artGenerator */,
			);
		};
/* End PBXProject section */

/* Begin PBXResourcesBuildPhase section */
		4C565B7B2B8155CF005B7CDC /* Resources */ = {
			isa = PBXResourcesBuildPhase;
			buildActionMask = 2147483647;
			files = (
				4C565B8D2B8155D0005B7CDC /* LaunchScreen.storyboard in Resources */,
				4C565B8A2B8155D0005B7CDC /* Assets.xcassets in Resources */,
				4C565B882B8155CF005B7CDC /* Main.storyboard in Resources */,
			);
			runOnlyForDeploymentPostprocessing = 0;
		};
/* End PBXResourcesBuildPhase section */

/* Begin PBXSourcesBuildPhase section */
		4C565B792B8155CF005B7CDC /* Sources */ = {
			isa = PBXSourcesBuildPhase;
			buildActionMask = 2147483647;
			files = (
				753B23962BB380E600B3576A /* CreateFileViewController.swift in Sources */,
				4C565B852B8155CF005B7CDC /* ViewController.swift in Sources */,
				753B239E2BB3A56500B3576A /* ColorPickerViewController.swift in Sources */,
				754B184B2BD031810019AC55 /* ImageTableViewCell.swift in Sources */,
				753B23982BB3846E00B3576A /* ChecklistItem.swift in Sources */,
				753B23942BB3804F00B3576A /* MenuViewController.swift in Sources */,
				753B239A2BB3866500B3576A /* AllItemsList.swift in Sources */,
				753C85242BCC5394007CA26D /* GridViewController.swift in Sources */,
				4C565B812B8155CF005B7CDC /* AppDelegate.swift in Sources */,
				4C565B952B8164AA005B7CDC /* CanvasView.swift in Sources */,
				4C565B832B8155CF005B7CDC /* SceneDelegate.swift in Sources */,
			);
			runOnlyForDeploymentPostprocessing = 0;
		};
/* End PBXSourcesBuildPhase section */

/* Begin PBXVariantGroup section */
		4C565B862B8155CF005B7CDC /* Main.storyboard */ = {
			isa = PBXVariantGroup;
			children = (
				4C565B872B8155CF005B7CDC /* Base */,
			);
			name = Main.storyboard;
			sourceTree = "<group>";
		};
		4C565B8B2B8155D0005B7CDC /* LaunchScreen.storyboard */ = {
			isa = PBXVariantGroup;
			children = (
				4C565B8C2B8155D0005B7CDC /* Base */,
			);
			name = LaunchScreen.storyboard;
			sourceTree = "<group>";
		};
/* End PBXVariantGroup section */

/* Begin XCBuildConfiguration section */
		4C565B8F2B8155D0005B7CDC /* Debug */ = {
			isa = XCBuildConfiguration;
			buildSettings = {
				ALWAYS_SEARCH_USER_PATHS = NO;
				ASSETCATALOG_COMPILER_GENERATE_SWIFT_ASSET_SYMBOL_EXTENSIONS = YES;
				CLANG_ANALYZER_NONNULL = YES;
				CLANG_ANALYZER_NUMBER_OBJECT_CONVERSION = YES_AGGRESSIVE;
				CLANG_CXX_LANGUAGE_STANDARD = "gnu++20";
				CLANG_ENABLE_MODULES = YES;
				CLANG_ENABLE_OBJC_ARC = YES;
				CLANG_ENABLE_OBJC_WEAK = YES;
				CLANG_WARN_BLOCK_CAPTURE_AUTORELEASING = YES;
				CLANG_WARN_BOOL_CONVERSION = YES;
				CLANG_WARN_COMMA = YES;
				CLANG_WARN_CONSTANT_CONVERSION = YES;
				CLANG_WARN_DEPRECATED_OBJC_IMPLEMENTATIONS = YES;
				CLANG_WARN_DIRECT_OBJC_ISA_USAGE = YES_ERROR;
				CLANG_WARN_DOCUMENTATION_COMMENTS = YES;
				CLANG_WARN_EMPTY_BODY = YES;
				CLANG_WARN_ENUM_CONVERSION = YES;
				CLANG_WARN_INFINITE_RECURSION = YES;
				CLANG_WARN_INT_CONVERSION = YES;
				CLANG_WARN_NON_LITERAL_NULL_CONVERSION = YES;
				CLANG_WARN_OBJC_IMPLICIT_RETAIN_SELF = YES;
				CLANG_WARN_OBJC_LITERAL_CONVERSION = YES;
				CLANG_WARN_OBJC_ROOT_CLASS = YES_ERROR;
				CLANG_WARN_QUOTED_INCLUDE_IN_FRAMEWORK_HEADER = YES;
				CLANG_WARN_RANGE_LOOP_ANALYSIS = YES;
				CLANG_WARN_STRICT_PROTOTYPES = YES;
				CLANG_WARN_SUSPICIOUS_MOVE = YES;
				CLANG_WARN_UNGUARDED_AVAILABILITY = YES_AGGRESSIVE;
				CLANG_WARN_UNREACHABLE_CODE = YES;
				CLANG_WARN__DUPLICATE_METHOD_MATCH = YES;
				COPY_PHASE_STRIP = NO;
				DEBUG_INFORMATION_FORMAT = dwarf;
				ENABLE_STRICT_OBJC_MSGSEND = YES;
				ENABLE_TESTABILITY = YES;
				ENABLE_USER_SCRIPT_SANDBOXING = YES;
				GCC_C_LANGUAGE_STANDARD = gnu17;
				GCC_DYNAMIC_NO_PIC = NO;
				GCC_NO_COMMON_BLOCKS = YES;
				GCC_OPTIMIZATION_LEVEL = 0;
				GCC_PREPROCESSOR_DEFINITIONS = (
					"DEBUG=1",
					"$(inherited)",
				);
				GCC_WARN_64_TO_32_BIT_CONVERSION = YES;
				GCC_WARN_ABOUT_RETURN_TYPE = YES_ERROR;
				GCC_WARN_UNDECLARED_SELECTOR = YES;
				GCC_WARN_UNINITIALIZED_AUTOS = YES_AGGRESSIVE;
				GCC_WARN_UNUSED_FUNCTION = YES;
				GCC_WARN_UNUSED_VARIABLE = YES;
				IPHONEOS_DEPLOYMENT_TARGET = 17.2;
				LOCALIZATION_PREFERS_STRING_CATALOGS = YES;
				MTL_ENABLE_DEBUG_INFO = INCLUDE_SOURCE;
				MTL_FAST_MATH = YES;
				ONLY_ACTIVE_ARCH = YES;
				SDKROOT = iphoneos;
				SWIFT_ACTIVE_COMPILATION_CONDITIONS = "DEBUG $(inherited)";
				SWIFT_OPTIMIZATION_LEVEL = "-Onone";
			};
			name = Debug;
		};
		4C565B902B8155D0005B7CDC /* Release */ = {
			isa = XCBuildConfiguration;
			buildSettings = {
				ALWAYS_SEARCH_USER_PATHS = NO;
				ASSETCATALOG_COMPILER_GENERATE_SWIFT_ASSET_SYMBOL_EXTENSIONS = YES;
				CLANG_ANALYZER_NONNULL = YES;
				CLANG_ANALYZER_NUMBER_OBJECT_CONVERSION = YES_AGGRESSIVE;
				CLANG_CXX_LANGUAGE_STANDARD = "gnu++20";
				CLANG_ENABLE_MODULES = YES;
				CLANG_ENABLE_OBJC_ARC = YES;
				CLANG_ENABLE_OBJC_WEAK = YES;
				CLANG_WARN_BLOCK_CAPTURE_AUTORELEASING = YES;
				CLANG_WARN_BOOL_CONVERSION = YES;
				CLANG_WARN_COMMA = YES;
				CLANG_WARN_CONSTANT_CONVERSION = YES;
				CLANG_WARN_DEPRECATED_OBJC_IMPLEMENTATIONS = YES;
				CLANG_WARN_DIRECT_OBJC_ISA_USAGE = YES_ERROR;
				CLANG_WARN_DOCUMENTATION_COMMENTS = YES;
				CLANG_WARN_EMPTY_BODY = YES;
				CLANG_WARN_ENUM_CONVERSION = YES;
				CLANG_WARN_INFINITE_RECURSION = YES;
				CLANG_WARN_INT_CONVERSION = YES;
				CLANG_WARN_NON_LITERAL_NULL_CONVERSION = YES;
				CLANG_WARN_OBJC_IMPLICIT_RETAIN_SELF = YES;
				CLANG_WARN_OBJC_LITERAL_CONVERSION = YES;
				CLANG_WARN_OBJC_ROOT_CLASS = YES_ERROR;
				CLANG_WARN_QUOTED_INCLUDE_IN_FRAMEWORK_HEADER = YES;
				CLANG_WARN_RANGE_LOOP_ANALYSIS = YES;
				CLANG_WARN_STRICT_PROTOTYPES = YES;
				CLANG_WARN_SUSPICIOUS_MOVE = YES;
				CLANG_WARN_UNGUARDED_AVAILABILITY = YES_AGGRESSIVE;
				CLANG_WARN_UNREACHABLE_CODE = YES;
				CLANG_WARN__DUPLICATE_METHOD_MATCH = YES;
				COPY_PHASE_STRIP = NO;
				DEBUG_INFORMATION_FORMAT = "dwarf-with-dsym";
				ENABLE_NS_ASSERTIONS = NO;
				ENABLE_STRICT_OBJC_MSGSEND = YES;
				ENABLE_USER_SCRIPT_SANDBOXING = YES;
				GCC_C_LANGUAGE_STANDARD = gnu17;
				GCC_NO_COMMON_BLOCKS = YES;
				GCC_WARN_64_TO_32_BIT_CONVERSION = YES;
				GCC_WARN_ABOUT_RETURN_TYPE = YES_ERROR;
				GCC_WARN_UNDECLARED_SELECTOR = YES;
				GCC_WARN_UNINITIALIZED_AUTOS = YES_AGGRESSIVE;
				GCC_WARN_UNUSED_FUNCTION = YES;
				GCC_WARN_UNUSED_VARIABLE = YES;
				IPHONEOS_DEPLOYMENT_TARGET = 17.2;
				LOCALIZATION_PREFERS_STRING_CATALOGS = YES;
				MTL_ENABLE_DEBUG_INFO = NO;
				MTL_FAST_MATH = YES;
				SDKROOT = iphoneos;
				SWIFT_COMPILATION_MODE = wholemodule;
				VALIDATE_PRODUCT = YES;
			};
			name = Release;
		};
		4C565B922B8155D0005B7CDC /* Debug */ = {
			isa = XCBuildConfiguration;
			buildSettings = {
				ASSETCATALOG_COMPILER_APPICON_NAME = AppIcon;
				ASSETCATALOG_COMPILER_GLOBAL_ACCENT_COLOR_NAME = AccentColor;
				CODE_SIGN_STYLE = Automatic;
				CURRENT_PROJECT_VERSION = 1;
				DEVELOPMENT_TEAM = 9JRR8DTH3G;
				GENERATE_INFOPLIST_FILE = YES;
				INFOPLIST_FILE = artGenerator/Info.plist;
				INFOPLIST_KEY_UIApplicationSupportsIndirectInputEvents = YES;
				INFOPLIST_KEY_UILaunchStoryboardName = LaunchScreen;
				INFOPLIST_KEY_UIMainStoryboardFile = Main;
				INFOPLIST_KEY_UISupportedInterfaceOrientations = UIInterfaceOrientationPortrait;
				IPHONEOS_DEPLOYMENT_TARGET = 16.0;
				LD_RUNPATH_SEARCH_PATHS = (
					"$(inherited)",
					"@executable_path/Frameworks",
				);
				MARKETING_VERSION = 1.0;
				PRODUCT_BUNDLE_IDENTIFIER = com.clb.artGenerator;
				PRODUCT_NAME = "$(TARGET_NAME)";
				SWIFT_EMIT_LOC_STRINGS = YES;
				SWIFT_VERSION = 5.0;
				TARGETED_DEVICE_FAMILY = "1,2";
			};
			name = Debug;
		};
		4C565B932B8155D0005B7CDC /* Release */ = {
			isa = XCBuildConfiguration;
			buildSettings = {
				ASSETCATALOG_COMPILER_APPICON_NAME = AppIcon;
				ASSETCATALOG_COMPILER_GLOBAL_ACCENT_COLOR_NAME = AccentColor;
				CODE_SIGN_STYLE = Automatic;
				CURRENT_PROJECT_VERSION = 1;
				DEVELOPMENT_TEAM = 9JRR8DTH3G;
				GENERATE_INFOPLIST_FILE = YES;
				INFOPLIST_FILE = artGenerator/Info.plist;
				INFOPLIST_KEY_UIApplicationSupportsIndirectInputEvents = YES;
				INFOPLIST_KEY_UILaunchStoryboardName = LaunchScreen;
				INFOPLIST_KEY_UIMainStoryboardFile = Main;
				INFOPLIST_KEY_UISupportedInterfaceOrientations = UIInterfaceOrientationPortrait;
				IPHONEOS_DEPLOYMENT_TARGET = 16.0;
				LD_RUNPATH_SEARCH_PATHS = (
					"$(inherited)",
					"@executable_path/Frameworks",
				);
				MARKETING_VERSION = 1.0;
				PRODUCT_BUNDLE_IDENTIFIER = com.clb.artGenerator;
				PRODUCT_NAME = "$(TARGET_NAME)";
				SWIFT_EMIT_LOC_STRINGS = YES;
				SWIFT_VERSION = 5.0;
				TARGETED_DEVICE_FAMILY = "1,2";
			};
			name = Release;
		};
/* End XCBuildConfiguration section */

/* Begin XCConfigurationList section */
		4C565B782B8155CF005B7CDC /* Build configuration list for PBXProject "artGenerator" */ = {
			isa = XCConfigurationList;
			buildConfigurations = (
				4C565B8F2B8155D0005B7CDC /* Debug */,
				4C565B902B8155D0005B7CDC /* Release */,
			);
			defaultConfigurationIsVisible = 0;
			defaultConfigurationName = Release;
		};
		4C565B912B8155D0005B7CDC /* Build configuration list for PBXNativeTarget "artGenerator" */ = {
			isa = XCConfigurationList;
			buildConfigurations = (
				4C565B922B8155D0005B7CDC /* Debug */,
				4C565B932B8155D0005B7CDC /* Release */,
			);
			defaultConfigurationIsVisible = 0;
			defaultConfigurationName = Release;
		};
/* End XCConfigurationList section */
	};
	rootObject = 4C565B752B8155CF005B7CDC /* Project object */;
}
